
Microsoft Visual Studio Solution File, Format Version 12.00
# Visual Studio Version 16
VisualStudioVersion = 16.0.810.0
MinimumVisualStudioVersion = 10.0.40219.1
Project("{FAE04EC0-301F-11D3-BF4B-00C04F79EFBC}") = "Sugar.Language", "Sugar.Language.csproj", "{66C26CCE-FCEE-418D-B3DC-59DC13FD5EC1}"
EndProject
Global
	GlobalSection(SolutionConfigurationPlatforms) = preSolution
		Debug|Any CPU = Debug|Any CPU
		Release|Any CPU = Release|Any CPU
	EndGlobalSection
	GlobalSection(ProjectConfigurationPlatforms) = postSolution
		{66C26CCE-FCEE-418D-B3DC-59DC13FD5EC1}.Debug|Any CPU.ActiveCfg = Debug|Any CPU
		{66C26CCE-FCEE-418D-B3DC-59DC13FD5EC1}.Debug|Any CPU.Build.0 = Debug|Any CPU
		{66C26CCE-FCEE-418D-B3DC-59DC13FD5EC1}.Release|Any CPU.ActiveCfg = Release|Any CPU
		{66C26CCE-FCEE-418D-B3DC-59DC13FD5EC1}.Release|Any CPU.Build.0 = Release|Any CPU
	EndGlobalSection
	GlobalSection(SolutionProperties) = preSolution
		HideSolutionNode = FALSE
	EndGlobalSection
	GlobalSection(ExtensibilityGlobals) = postSolution
		SolutionGuid = {84A05A39-107C-4F2E-84B7-DE8D34F2D326}
	EndGlobalSection
EndGlobal
