
Microsoft Visual Studio Solution File, Format Version 12.00
# Visual Studio Version 17
VisualStudioVersion = 17.0.31903.59
MinimumVisualStudioVersion = 10.0.40219.1
Project("{FAE04EC0-301F-11D3-BF4B-00C04F79EFBC}") = "Sugar", "Sugar\Sugar.csproj", "{3799D6FE-C202-45C4-B293-938B6BAAABA6}"
EndProject
Project("{FAE04EC0-301F-11D3-BF4B-00C04F79EFBC}") = "Sugar.Language", "Sugar.Language\Sugar.Language.csproj", "{B424BD48-D291-43C5-A901-68DE0530F9CB}"
EndProject
Project("{2150E333-8FDC-42A3-9474-1A3956D46DE8}") = "Solution Items", "Solution Items", "{C103D9B8-A50B-41A4-9EB9-1AD66C780ED5}"
	ProjectSection(SolutionItems) = preProject
		.editorconfig = .editorconfig
	EndProjectSection
EndProject
Project("{FAE04EC0-301F-11D3-BF4B-00C04F79EFBC}") = "Sugar.Tests", "Sugar.Tests\Sugar.Tests.csproj", "{EC1CD31A-F4F0-4790-BB6D-6255DE144FA7}"
EndProject
Global
	GlobalSection(SolutionConfigurationPlatforms) = preSolution
		Debug|Any CPU = Debug|Any CPU
		Release|Any CPU = Release|Any CPU
	EndGlobalSection
	GlobalSection(ProjectConfigurationPlatforms) = postSolution
		{3799D6FE-C202-45C4-B293-938B6BAAABA6}.Debug|Any CPU.ActiveCfg = Debug|Any CPU
		{3799D6FE-C202-45C4-B293-938B6BAAABA6}.Debug|Any CPU.Build.0 = Debug|Any CPU
		{3799D6FE-C202-45C4-B293-938B6BAAABA6}.Release|Any CPU.ActiveCfg = Release|Any CPU
		{3799D6FE-C202-45C4-B293-938B6BAAABA6}.Release|Any CPU.Build.0 = Release|Any CPU
		{B424BD48-D291-43C5-A901-68DE0530F9CB}.Debug|Any CPU.ActiveCfg = Debug|Any CPU
		{B424BD48-D291-43C5-A901-68DE0530F9CB}.Debug|Any CPU.Build.0 = Debug|Any CPU
		{B424BD48-D291-43C5-A901-68DE0530F9CB}.Release|Any CPU.ActiveCfg = Release|Any CPU
		{B424BD48-D291-43C5-A901-68DE0530F9CB}.Release|Any CPU.Build.0 = Release|Any CPU
		{EC1CD31A-F4F0-4790-BB6D-6255DE144FA7}.Debug|Any CPU.ActiveCfg = Debug|Any CPU
		{EC1CD31A-F4F0-4790-BB6D-6255DE144FA7}.Debug|Any CPU.Build.0 = Debug|Any CPU
		{EC1CD31A-F4F0-4790-BB6D-6255DE144FA7}.Release|Any CPU.ActiveCfg = Release|Any CPU
		{EC1CD31A-F4F0-4790-BB6D-6255DE144FA7}.Release|Any CPU.Build.0 = Release|Any CPU
	EndGlobalSection
	GlobalSection(SolutionProperties) = preSolution
		HideSolutionNode = FALSE
	EndGlobalSection
	GlobalSection(ExtensibilityGlobals) = postSolution
		SolutionGuid = {08B17837-7E53-4218-8155-868764D5EFD9}
	EndGlobalSection
EndGlobal
